// !$*UTF8*$!
{
	archiveVersion = 1;
	classes = {
	};
	objectVersion = 50;
	objects = {

/* Begin PBXBuildFile section */
		05CC6E9620B003C900C4707C /* AppDelegate.swift in Sources */ = {isa = PBXBuildFile; fileRef = 05CC6E9520B003C900C4707C /* AppDelegate.swift */; };
		05CC6E9820B003C900C4707C /* ViewController.swift in Sources */ = {isa = PBXBuildFile; fileRef = 05CC6E9720B003C900C4707C /* ViewController.swift */; };
		05CC6E9B20B003C900C4707C /* Main.storyboard in Resources */ = {isa = PBXBuildFile; fileRef = 05CC6E9920B003C900C4707C /* Main.storyboard */; };
		05CC6E9D20B003CD00C4707C /* Assets.xcassets in Resources */ = {isa = PBXBuildFile; fileRef = 05CC6E9C20B003CD00C4707C /* Assets.xcassets */; };
		05CC6EA020B003CD00C4707C /* LaunchScreen.storyboard in Resources */ = {isa = PBXBuildFile; fileRef = 05CC6E9E20B003CD00C4707C /* LaunchScreen.storyboard */; };
		05CC6EAA20B0082C00C4707C /* BaseView.swift in Sources */ = {isa = PBXBuildFile; fileRef = 05CC6EA920B0082C00C4707C /* BaseView.swift */; };
/* End PBXBuildFile section */

/* Begin PBXFileReference section */
		05CC6E9220B003C900C4707C /* SmartLock-flippingAViewController.app */ = {isa = PBXFileReference; explicitFileType = wrapper.application; includeInIndex = 0; path = "SmartLock-flippingAViewController.app"; sourceTree = BUILT_PRODUCTS_DIR; };
		05CC6E9520B003C900C4707C /* AppDelegate.swift */ = {isa = PBXFileReference; lastKnownFileType = sourcecode.swift; path = AppDelegate.swift; sourceTree = "<group>"; };
		05CC6E9720B003C900C4707C /* ViewController.swift */ = {isa = PBXFileReference; lastKnownFileType = sourcecode.swift; path = ViewController.swift; sourceTree = "<group>"; };
		05CC6E9A20B003C900C4707C /* Base */ = {isa = PBXFileReference; lastKnownFileType = file.storyboard; name = Base; path = Base.lproj/Main.storyboard; sourceTree = "<group>"; };
		05CC6E9C20B003CD00C4707C /* Assets.xcassets */ = {isa = PBXFileReference; lastKnownFileType = folder.assetcatalog; path = Assets.xcassets; sourceTree = "<group>"; };
		05CC6E9F20B003CD00C4707C /* Base */ = {isa = PBXFileReference; lastKnownFileType = file.storyboard; name = Base; path = Base.lproj/LaunchScreen.storyboard; sourceTree = "<group>"; };
		05CC6EA120B003CD00C4707C /* Info.plist */ = {isa = PBXFileReference; lastKnownFileType = text.plist.xml; path = Info.plist; sourceTree = "<group>"; };
		05CC6EA920B0082C00C4707C /* BaseView.swift */ = {isa = PBXFileReference; lastKnownFileType = sourcecode.swift; path = BaseView.swift; sourceTree = "<group>"; };
/* End PBXFileReference section */

/* Begin PBXFrameworksBuildPhase section */
		05CC6E8F20B003C900C4707C /* Frameworks */ = {
			isa = PBXFrameworksBuildPhase;
			buildActionMask = 2147483647;
			files = (
			);
			runOnlyForDeploymentPostprocessing = 0;
		};
/* End PBXFrameworksBuildPhase section */

/* Begin PBXGroup section */
		05CC6E8920B003C800C4707C = {
			isa = PBXGroup;
			children = (
				05CC6E9420B003C900C4707C /* SmartLock-flippingAViewController */,
				05CC6E9320B003C900C4707C /* Products */,
			);
			sourceTree = "<group>";
		};
		05CC6E9320B003C900C4707C /* Products */ = {
			isa = PBXGroup;
			children = (
				05CC6E9220B003C900C4707C /* SmartLock-flippingAViewController.app */,
			);
			name = Products;
			sourceTree = "<group>";
		};
		05CC6E9420B003C900C4707C /* SmartLock-flippingAViewController */ = {
			isa = PBXGroup;
			children = (
				05CC6E9520B003C900C4707C /* AppDelegate.swift */,
				05CC6E9720B003C900C4707C /* ViewController.swift */,
				05CC6EA920B0082C00C4707C /* BaseView.swift */,
				05CC6E9920B003C900C4707C /* Main.storyboard */,
				05CC6E9C20B003CD00C4707C /* Assets.xcassets */,
				05CC6E9E20B003CD00C4707C /* LaunchScreen.storyboard */,
				05CC6EA120B003CD00C4707C /* Info.plist */,
			);
			path = "SmartLock-flippingAViewController";
			sourceTree = "<group>";
		};
/* End PBXGroup section */

/* Begin PBXNativeTarget section */
		05CC6E9120B003C900C4707C /* SmartLock-flippingAViewController */ = {
			isa = PBXNativeTarget;
			buildConfigurationList = 05CC6EA420B003CD00C4707C /* Build configuration list for PBXNativeTarget "SmartLock-flippingAViewController" */;
			buildPhases = (
				05CC6E8E20B003C900C4707C /* Sources */,
				05CC6E8F20B003C900C4707C /* Frameworks */,
				05CC6E9020B003C900C4707C /* Resources */,
			);
			buildRules = (
			);
			dependencies = (
			);
			name = "SmartLock-flippingAViewController";
			productName = "SmartLock-flippingAViewController";
			productReference = 05CC6E9220B003C900C4707C /* SmartLock-flippingAViewController.app */;
			productType = "com.apple.product-type.application";
		};
/* End PBXNativeTarget section */

/* Begin PBXProject section */
		05CC6E8A20B003C900C4707C /* Project object */ = {
			isa = PBXProject;
			attributes = {
				LastSwiftUpdateCheck = 0930;
				LastUpgradeCheck = 0930;
				TargetAttributes = {
					05CC6E9120B003C900C4707C = {
						CreatedOnToolsVersion = 9.3;
					};
				};
			};
			buildConfigurationList = 05CC6E8D20B003C900C4707C /* Build configuration list for PBXProject "SmartLock-flippingAViewController" */;
			compatibilityVersion = "Xcode 9.3";
			developmentRegion = en;
			hasScannedForEncodings = 0;
			knownRegions = (
				en,
				Base,
			);
			mainGroup = 05CC6E8920B003C800C4707C;
			productRefGroup = 05CC6E9320B003C900C4707C /* Products */;
			projectDirPath = "";
			projectRoot = "";
			targets = (
				05CC6E9120B003C900C4707C /* SmartLock-flippingAViewController */,
			);
		};
/* End PBXProject section */

/* Begin PBXResourcesBuildPhase section */
		05CC6E9020B003C900C4707C /* Resources */ = {
			isa = PBXResourcesBuildPhase;
			buildActionMask = 2147483647;
			files = (
				05CC6EA020B003CD00C4707C /* LaunchScreen.storyboard in Resources */,
				05CC6E9D20B003CD00C4707C /* Assets.xcassets in Resources */,
				05CC6E9B20B003C900C4707C /* Main.storyboard in Resources */,
			);
			runOnlyForDeploymentPostprocessing = 0;
		};
/* End PBXResourcesBuildPhase section */

/* Begin PBXSourcesBuildPhase section */
		05CC6E8E20B003C900C4707C /* Sources */ = {
			isa = PBXSourcesBuildPhase;
			buildActionMask = 2147483647;
			files = (
				05CC6EAA20B0082C00C4707C /* BaseView.swift in Sources */,
				05CC6E9820B003C900C4707C /* ViewController.swift in Sources */,
				05CC6E9620B003C900C4707C /* AppDelegate.swift in Sources */,
			);
			runOnlyForDeploymentPostprocessing = 0;
		};
/* End PBXSourcesBuildPhase section */

/* Begin PBXVariantGroup section */
		05CC6E9920B003C900C4707C /* Main.storyboard */ = {
			isa = PBXVariantGroup;
			children = (
				05CC6E9A20B003C900C4707C /* Base */,
			);
			name = Main.storyboard;
			sourceTree = "<group>";
		};
		05CC6E9E20B003CD00C4707C /* LaunchScreen.storyboard */ = {
			isa = PBXVariantGroup;
			children = (
				05CC6E9F20B003CD00C4707C /* Base */,
			);
			name = LaunchScreen.storyboard;
			sourceTree = "<group>";
		};
/* End PBXVariantGroup section */

/* Begin XCBuildConfiguration section */
		05CC6EA220B003CD00C4707C /* Debug */ = {
			isa = XCBuildConfiguration;
			buildSettings = {
				ALWAYS_SEARCH_USER_PATHS = NO;
				CLANG_ANALYZER_NONNULL = YES;
				CLANG_ANALYZER_NUMBER_OBJECT_CONVERSION = YES_AGGRESSIVE;
				CLANG_CXX_LANGUAGE_STANDARD = "gnu++14";
				CLANG_CXX_LIBRARY = "libc++";
				CLANG_ENABLE_MODULES = YES;
				CLANG_ENABLE_OBJC_ARC = YES;
				CLANG_ENABLE_OBJC_WEAK = YES;
				CLANG_WARN_BLOCK_CAPTURE_AUTORELEASING = YES;
				CLANG_WARN_BOOL_CONVERSION = YES;
				CLANG_WARN_COMMA = YES;
				CLANG_WARN_CONSTANT_CONVERSION = YES;
				CLANG_WARN_DEPRECATED_OBJC_IMPLEMENTATIONS = YES;
				CLANG_WARN_DIRECT_OBJC_ISA_USAGE = YES_ERROR;
				CLANG_WARN_DOCUMENTATION_COMMENTS = YES;
				CLANG_WARN_EMPTY_BODY = YES;
				CLANG_WARN_ENUM_CONVERSION = YES;
				CLANG_WARN_INFINITE_RECURSION = YES;
				CLANG_WARN_INT_CONVERSION = YES;
				CLANG_WARN_NON_LITERAL_NULL_CONVERSION = YES;
				CLANG_WARN_OBJC_IMPLICIT_RETAIN_SELF = YES;
				CLANG_WARN_OBJC_LITERAL_CONVERSION = YES;
				CLANG_WARN_OBJC_ROOT_CLASS = YES_ERROR;
				CLANG_WARN_RANGE_LOOP_ANALYSIS = YES;
				CLANG_WARN_STRICT_PROTOTYPES = YES;
				CLANG_WARN_SUSPICIOUS_MOVE = YES;
				CLANG_WARN_UNGUARDED_AVAILABILITY = YES_AGGRESSIVE;
				CLANG_WARN_UNREACHABLE_CODE = YES;
				CLANG_WARN__DUPLICATE_METHOD_MATCH = YES;
				CODE_SIGN_IDENTITY = "iPhone Developer";
				COPY_PHASE_STRIP = NO;
				DEBUG_INFORMATION_FORMAT = dwarf;
				ENABLE_STRICT_OBJC_MSGSEND = YES;
				ENABLE_TESTABILITY = YES;
				GCC_C_LANGUAGE_STANDARD = gnu11;
				GCC_DYNAMIC_NO_PIC = NO;
				GCC_NO_COMMON_BLOCKS = YES;
				GCC_OPTIMIZATION_LEVEL = 0;
				GCC_PREPROCESSOR_DEFINITIONS = (
					"DEBUG=1",
					"$(inherited)",
				);
				GCC_WARN_64_TO_32_BIT_CONVERSION = YES;
				GCC_WARN_ABOUT_RETURN_TYPE = YES_ERROR;
				GCC_WARN_UNDECLARED_SELECTOR = YES;
				GCC_WARN_UNINITIALIZED_AUTOS = YES_AGGRESSIVE;
				GCC_WARN_UNUSED_FUNCTION = YES;
				GCC_WARN_UNUSED_VARIABLE = YES;
				IPHONEOS_DEPLOYMENT_TARGET = 11.3;
				MTL_ENABLE_DEBUG_INFO = YES;
				ONLY_ACTIVE_ARCH = YES;
				SDKROOT = iphoneos;
				SWIFT_ACTIVE_COMPILATION_CONDITIONS = DEBUG;
				SWIFT_OPTIMIZATION_LEVEL = "-Onone";
			};
			name = Debug;
		};
		05CC6EA320B003CD00C4707C /* Release */ = {
			isa = XCBuildConfiguration;
			buildSettings = {
				ALWAYS_SEARCH_USER_PATHS = NO;
				CLANG_ANALYZER_NONNULL = YES;
				CLANG_ANALYZER_NUMBER_OBJECT_CONVERSION = YES_AGGRESSIVE;
				CLANG_CXX_LANGUAGE_STANDARD = "gnu++14";
				CLANG_CXX_LIBRARY = "libc++";
				CLANG_ENABLE_MODULES = YES;
				CLANG_ENABLE_OBJC_ARC = YES;
				CLANG_ENABLE_OBJC_WEAK = YES;
				CLANG_WARN_BLOCK_CAPTURE_AUTORELEASING = YES;
				CLANG_WARN_BOOL_CONVERSION = YES;
				CLANG_WARN_COMMA = YES;
				CLANG_WARN_CONSTANT_CONVERSION = YES;
				CLANG_WARN_DEPRECATED_OBJC_IMPLEMENTATIONS = YES;
				CLANG_WARN_DIRECT_OBJC_ISA_USAGE = YES_ERROR;
				CLANG_WARN_DOCUMENTATION_COMMENTS = YES;
				CLANG_WARN_EMPTY_BODY = YES;
				CLANG_WARN_ENUM_CONVERSION = YES;
				CLANG_WARN_INFINITE_RECURSION = YES;
				CLANG_WARN_INT_CONVERSION = YES;
				CLANG_WARN_NON_LITERAL_NULL_CONVERSION = YES;
				CLANG_WARN_OBJC_IMPLICIT_RETAIN_SELF = YES;
				CLANG_WARN_OBJC_LITERAL_CONVERSION = YES;
				CLANG_WARN_OBJC_ROOT_CLASS = YES_ERROR;
				CLANG_WARN_RANGE_LOOP_ANALYSIS = YES;
				CLANG_WARN_STRICT_PROTOTYPES = YES;
				CLANG_WARN_SUSPICIOUS_MOVE = YES;
				CLANG_WARN_UNGUARDED_AVAILABILITY = YES_AGGRESSIVE;
				CLANG_WARN_UNREACHABLE_CODE = YES;
				CLANG_WARN__DUPLICATE_METHOD_MATCH = YES;
				CODE_SIGN_IDENTITY = "iPhone Developer";
				COPY_PHASE_STRIP = NO;
				DEBUG_INFORMATION_FORMAT = "dwarf-with-dsym";
				ENABLE_NS_ASSERTIONS = NO;
				ENABLE_STRICT_OBJC_MSGSEND = YES;
				GCC_C_LANGUAGE_STANDARD = gnu11;
				GCC_NO_COMMON_BLOCKS = YES;
				GCC_WARN_64_TO_32_BIT_CONVERSION = YES;
				GCC_WARN_ABOUT_RETURN_TYPE = YES_ERROR;
				GCC_WARN_UNDECLARED_SELECTOR = YES;
				GCC_WARN_UNINITIALIZED_AUTOS = YES_AGGRESSIVE;
				GCC_WARN_UNUSED_FUNCTION = YES;
				GCC_WARN_UNUSED_VARIABLE = YES;
				IPHONEOS_DEPLOYMENT_TARGET = 11.3;
				MTL_ENABLE_DEBUG_INFO = NO;
				SDKROOT = iphoneos;
				SWIFT_COMPILATION_MODE = wholemodule;
				SWIFT_OPTIMIZATION_LEVEL = "-O";
				VALIDATE_PRODUCT = YES;
			};
			name = Release;
		};
		05CC6EA520B003CD00C4707C /* Debug */ = {
			isa = XCBuildConfiguration;
			buildSettings = {
				ASSETCATALOG_COMPILER_APPICON_NAME = AppIcon;
				CODE_SIGN_STYLE = Automatic;
				DEVELOPMENT_TEAM = 9983SAB22G;
				INFOPLIST_FILE = "SmartLock-flippingAViewController/Info.plist";
				LD_RUNPATH_SEARCH_PATHS = (
					"$(inherited)",
					"@executable_path/Frameworks",
				);
				PRODUCT_BUNDLE_IDENTIFIER = "tadej.SmartLock-flippingAViewController";
				PRODUCT_NAME = "$(TARGET_NAME)";
				SWIFT_VERSION = 4.0;
				TARGETED_DEVICE_FAMILY = "1,2";
			};
			name = Debug;
		};
		05CC6EA620B003CD00C4707C /* Release */ = {
			isa = XCBuildConfiguration;
			buildSettings = {
				ASSETCATALOG_COMPILER_APPICON_NAME = AppIcon;
				CODE_SIGN_STYLE = Automatic;
				DEVELOPMENT_TEAM = 9983SAB22G;
				INFOPLIST_FILE = "SmartLock-flippingAViewController/Info.plist";
				LD_RUNPATH_SEARCH_PATHS = (
					"$(inherited)",
					"@executable_path/Frameworks",
				);
				PRODUCT_BUNDLE_IDENTIFIER = "tadej.SmartLock-flippingAViewController";
				PRODUCT_NAME = "$(TARGET_NAME)";
				SWIFT_VERSION = 4.0;
				TARGETED_DEVICE_FAMILY = "1,2";
			};
			name = Release;
		};
/* End XCBuildConfiguration section */

/* Begin XCConfigurationList section */
		05CC6E8D20B003C900C4707C /* Build configuration list for PBXProject "SmartLock-flippingAViewController" */ = {
			isa = XCConfigurationList;
			buildConfigurations = (
				05CC6EA220B003CD00C4707C /* Debug */,
				05CC6EA320B003CD00C4707C /* Release */,
			);
			defaultConfigurationIsVisible = 0;
			defaultConfigurationName = Release;
		};
		05CC6EA420B003CD00C4707C /* Build configuration list for PBXNativeTarget "SmartLock-flippingAViewController" */ = {
			isa = XCConfigurationList;
			buildConfigurations = (
				05CC6EA520B003CD00C4707C /* Debug */,
				05CC6EA620B003CD00C4707C /* Release */,
			);
			defaultConfigurationIsVisible = 0;
			defaultConfigurationName = Release;
		};
/* End XCConfigurationList section */
	};
	rootObject = 05CC6E8A20B003C900C4707C /* Project object */;
}
